// !$*UTF8*$!
{
	archiveVersion = 1;
	classes = {
	};
	objectVersion = 50;
	objects = {

/* Begin PBXBuildFile section */
		F3225C272189F296004C20F2 /* README.md in Resources */ = {isa = PBXBuildFile; fileRef = F3225C262189F296004C20F2 /* README.md */; };
		F34679D121A55DAC00A5CBF7 /* GoogleService-Info.plist in Resources */ = {isa = PBXBuildFile; fileRef = F34679D021A55DAC00A5CBF7 /* GoogleService-Info.plist */; };
		F35C53D12189D95C00418AE1 /* AppDelegate.swift in Sources */ = {isa = PBXBuildFile; fileRef = F35C53D02189D95C00418AE1 /* AppDelegate.swift */; };
		F35C53D32189D95C00418AE1 /* ViewController.swift in Sources */ = {isa = PBXBuildFile; fileRef = F35C53D22189D95C00418AE1 /* ViewController.swift */; };
		F35C53D62189D95C00418AE1 /* Main.storyboard in Resources */ = {isa = PBXBuildFile; fileRef = F35C53D42189D95C00418AE1 /* Main.storyboard */; };
		F35C53DB2189D95D00418AE1 /* LaunchScreen.storyboard in Resources */ = {isa = PBXBuildFile; fileRef = F35C53D92189D95D00418AE1 /* LaunchScreen.storyboard */; };
		F360172C21A2D44600962B81 /* MenuViewController.swift in Sources */ = {isa = PBXBuildFile; fileRef = F360172B21A2D44600962B81 /* MenuViewController.swift */; };
		F3C4FEE721B1431000507E9A /* Art.swift in Sources */ = {isa = PBXBuildFile; fileRef = F3C4FEE621B1431000507E9A /* Art.swift */; };
		F3C4FEE921B1766D00507E9A /* Paintings.swift in Sources */ = {isa = PBXBuildFile; fileRef = F3C4FEE821B1766D00507E9A /* Paintings.swift */; };
		F3D4942621A01BDB00F017A8 /* art.scnassets in Resources */ = {isa = PBXBuildFile; fileRef = F3D4942521A01BDB00F017A8 /* art.scnassets */; };
		F3D4942A21A03F0800F017A8 /* Assets.xcassets in Resources */ = {isa = PBXBuildFile; fileRef = F3D4942921A03F0800F017A8 /* Assets.xcassets */; };
		F7F5FDC5763C53DE36940648 /* Pods_ARMuseumGuide.framework in Frameworks */ = {isa = PBXBuildFile; fileRef = 37906AA0AAB5B537D3BD495C /* Pods_ARMuseumGuide.framework */; };
/* End PBXBuildFile section */

/* Begin PBXFileReference section */
		37906AA0AAB5B537D3BD495C /* Pods_ARMuseumGuide.framework */ = {isa = PBXFileReference; explicitFileType = wrapper.framework; includeInIndex = 0; path = Pods_ARMuseumGuide.framework; sourceTree = BUILT_PRODUCTS_DIR; };
		53D8167090596FC6BEDB61F2 /* Pods-ARMuseumGuide.debug.xcconfig */ = {isa = PBXFileReference; includeInIndex = 1; lastKnownFileType = text.xcconfig; name = "Pods-ARMuseumGuide.debug.xcconfig"; path = "Pods/Target Support Files/Pods-ARMuseumGuide/Pods-ARMuseumGuide.debug.xcconfig"; sourceTree = "<group>"; };
		AD37EB98E164A4F1EBA2C43D /* Pods-ARMuseumGuide.release.xcconfig */ = {isa = PBXFileReference; includeInIndex = 1; lastKnownFileType = text.xcconfig; name = "Pods-ARMuseumGuide.release.xcconfig"; path = "Pods/Target Support Files/Pods-ARMuseumGuide/Pods-ARMuseumGuide.release.xcconfig"; sourceTree = "<group>"; };
		F3225C262189F296004C20F2 /* README.md */ = {isa = PBXFileReference; lastKnownFileType = net.daringfireball.markdown; path = README.md; sourceTree = "<group>"; };
		F34679D021A55DAC00A5CBF7 /* GoogleService-Info.plist */ = {isa = PBXFileReference; fileEncoding = 4; lastKnownFileType = text.plist.xml; path = "GoogleService-Info.plist"; sourceTree = "<group>"; };
		F35C53CD2189D95C00418AE1 /* ARMuseumGuide.app */ = {isa = PBXFileReference; explicitFileType = wrapper.application; includeInIndex = 0; path = ARMuseumGuide.app; sourceTree = BUILT_PRODUCTS_DIR; };
		F35C53D02189D95C00418AE1 /* AppDelegate.swift */ = {isa = PBXFileReference; lastKnownFileType = sourcecode.swift; path = AppDelegate.swift; sourceTree = "<group>"; };
		F35C53D22189D95C00418AE1 /* ViewController.swift */ = {isa = PBXFileReference; lastKnownFileType = sourcecode.swift; path = ViewController.swift; sourceTree = "<group>"; };
		F35C53D52189D95C00418AE1 /* Base */ = {isa = PBXFileReference; lastKnownFileType = file.storyboard; name = Base; path = Base.lproj/Main.storyboard; sourceTree = "<group>"; };
		F35C53DA2189D95D00418AE1 /* Base */ = {isa = PBXFileReference; lastKnownFileType = file.storyboard; name = Base; path = Base.lproj/LaunchScreen.storyboard; sourceTree = "<group>"; };
		F35C53DC2189D95D00418AE1 /* Info.plist */ = {isa = PBXFileReference; lastKnownFileType = text.plist.xml; path = Info.plist; sourceTree = "<group>"; };
		F360172B21A2D44600962B81 /* MenuViewController.swift */ = {isa = PBXFileReference; lastKnownFileType = sourcecode.swift; path = MenuViewController.swift; sourceTree = "<group>"; };
		F3C4FEE621B1431000507E9A /* Art.swift */ = {isa = PBXFileReference; lastKnownFileType = sourcecode.swift; path = Art.swift; sourceTree = "<group>"; };
		F3C4FEE821B1766D00507E9A /* Paintings.swift */ = {isa = PBXFileReference; lastKnownFileType = sourcecode.swift; path = Paintings.swift; sourceTree = "<group>"; };
		F3D4942521A01BDB00F017A8 /* art.scnassets */ = {isa = PBXFileReference; lastKnownFileType = wrapper.scnassets; path = art.scnassets; sourceTree = "<group>"; };
		F3D4942921A03F0800F017A8 /* Assets.xcassets */ = {isa = PBXFileReference; lastKnownFileType = folder.assetcatalog; path = Assets.xcassets; sourceTree = "<group>"; };
/* End PBXFileReference section */

/* Begin PBXFrameworksBuildPhase section */
		F35C53CA2189D95C00418AE1 /* Frameworks */ = {
			isa = PBXFrameworksBuildPhase;
			buildActionMask = 2147483647;
			files = (
				F7F5FDC5763C53DE36940648 /* Pods_ARMuseumGuide.framework in Frameworks */,
			);
			runOnlyForDeploymentPostprocessing = 0;
		};
/* End PBXFrameworksBuildPhase section */

/* Begin PBXGroup section */
		5C25CBBD08C12CFAEFB90F5E /* Pods */ = {
			isa = PBXGroup;
			children = (
				53D8167090596FC6BEDB61F2 /* Pods-ARMuseumGuide.debug.xcconfig */,
				AD37EB98E164A4F1EBA2C43D /* Pods-ARMuseumGuide.release.xcconfig */,
			);
			name = Pods;
			sourceTree = "<group>";
		};
		F35C53C42189D95C00418AE1 = {
			isa = PBXGroup;
			children = (
				F3225C262189F296004C20F2 /* README.md */,
				F35C53CF2189D95C00418AE1 /* ARMuseumGuide */,
				F35C53CE2189D95C00418AE1 /* Products */,
				5C25CBBD08C12CFAEFB90F5E /* Pods */,
				FB8052E235B24739BB207EE7 /* Frameworks */,
			);
			sourceTree = "<group>";
		};
		F35C53CE2189D95C00418AE1 /* Products */ = {
			isa = PBXGroup;
			children = (
				F35C53CD2189D95C00418AE1 /* ARMuseumGuide.app */,
			);
			name = Products;
			sourceTree = "<group>";
		};
		F35C53CF2189D95C00418AE1 /* ARMuseumGuide */ = {
			isa = PBXGroup;
			children = (
				F3C4FEE121B1429700507E9A /* Model */,
				F3C4FEE221B142A200507E9A /* View */,
				F3C4FEE321B142AC00507E9A /* Controller */,
				F3D4942521A01BDB00F017A8 /* art.scnassets */,
				F3D4942921A03F0800F017A8 /* Assets.xcassets */,
				F35C53DC2189D95D00418AE1 /* Info.plist */,
				F34679D021A55DAC00A5CBF7 /* GoogleService-Info.plist */,
			);
			path = ARMuseumGuide;
			sourceTree = "<group>";
		};
		F3C4FEE121B1429700507E9A /* Model */ = {
			isa = PBXGroup;
			children = (
				F35C53D02189D95C00418AE1 /* AppDelegate.swift */,
				F3C4FEE621B1431000507E9A /* Art.swift */,
				F3C4FEE821B1766D00507E9A /* Paintings.swift */,
			);
			path = Model;
			sourceTree = "<group>";
		};
		F3C4FEE221B142A200507E9A /* View */ = {
			isa = PBXGroup;
			children = (
				F35C53D42189D95C00418AE1 /* Main.storyboard */,
				F35C53D92189D95D00418AE1 /* LaunchScreen.storyboard */,
			);
			path = View;
			sourceTree = "<group>";
		};
		F3C4FEE321B142AC00507E9A /* Controller */ = {
			isa = PBXGroup;
			children = (
				F35C53D22189D95C00418AE1 /* ViewController.swift */,
				F360172B21A2D44600962B81 /* MenuViewController.swift */,
			);
			path = Controller;
			sourceTree = "<group>";
		};
		FB8052E235B24739BB207EE7 /* Frameworks */ = {
			isa = PBXGroup;
			children = (
				37906AA0AAB5B537D3BD495C /* Pods_ARMuseumGuide.framework */,
			);
			name = Frameworks;
			sourceTree = "<group>";
		};
/* End PBXGroup section */

/* Begin PBXNativeTarget section */
		F35C53CC2189D95C00418AE1 /* ARMuseumGuide */ = {
			isa = PBXNativeTarget;
			buildConfigurationList = F35C53DF2189D95D00418AE1 /* Build configuration list for PBXNativeTarget "ARMuseumGuide" */;
			buildPhases = (
				642F6C130C21C4219FC065D7 /* [CP] Check Pods Manifest.lock */,
				F35C53C92189D95C00418AE1 /* Sources */,
				F35C53CA2189D95C00418AE1 /* Frameworks */,
				F35C53CB2189D95C00418AE1 /* Resources */,
				57AB964489D7D92DC68F202A /* [CP] Embed Pods Frameworks */,
			);
			buildRules = (
			);
			dependencies = (
			);
			name = ARMuseumGuide;
			productName = ARMuseumGuide;
			productReference = F35C53CD2189D95C00418AE1 /* ARMuseumGuide.app */;
			productType = "com.apple.product-type.application";
		};
/* End PBXNativeTarget section */

/* Begin PBXProject section */
		F35C53C52189D95C00418AE1 /* Project object */ = {
			isa = PBXProject;
			attributes = {
				LastSwiftUpdateCheck = 1000;
				LastUpgradeCheck = 1000;
				ORGANIZATIONNAME = a27;
				TargetAttributes = {
					F35C53CC2189D95C00418AE1 = {
						CreatedOnToolsVersion = 10.0;
					};
				};
			};
			buildConfigurationList = F35C53C82189D95C00418AE1 /* Build configuration list for PBXProject "ARMuseumGuide" */;
			compatibilityVersion = "Xcode 9.3";
			developmentRegion = en;
			hasScannedForEncodings = 0;
			knownRegions = (
				en,
				Base,
			);
			mainGroup = F35C53C42189D95C00418AE1;
			productRefGroup = F35C53CE2189D95C00418AE1 /* Products */;
			projectDirPath = "";
			projectRoot = "";
			targets = (
				F35C53CC2189D95C00418AE1 /* ARMuseumGuide */,
			);
		};
/* End PBXProject section */

/* Begin PBXResourcesBuildPhase section */
		F35C53CB2189D95C00418AE1 /* Resources */ = {
			isa = PBXResourcesBuildPhase;
			buildActionMask = 2147483647;
			files = (
				F35C53DB2189D95D00418AE1 /* LaunchScreen.storyboard in Resources */,
				F3D4942621A01BDB00F017A8 /* art.scnassets in Resources */,
				F3225C272189F296004C20F2 /* README.md in Resources */,
				F35C53D62189D95C00418AE1 /* Main.storyboard in Resources */,
				F3D4942A21A03F0800F017A8 /* Assets.xcassets in Resources */,
				F34679D121A55DAC00A5CBF7 /* GoogleService-Info.plist in Resources */,
			);
			runOnlyForDeploymentPostprocessing = 0;
		};
/* End PBXResourcesBuildPhase section */

/* Begin PBXShellScriptBuildPhase section */
		57AB964489D7D92DC68F202A /* [CP] Embed Pods Frameworks */ = {
			isa = PBXShellScriptBuildPhase;
			buildActionMask = 2147483647;
			files = (
			);
			inputPaths = (
				"${SRCROOT}/Pods/Target Support Files/Pods-ARMuseumGuide/Pods-ARMuseumGuide-frameworks.sh",
				"${BUILT_PRODUCTS_DIR}/Alamofire/Alamofire.framework",
				"${BUILT_PRODUCTS_DIR}/BoringSSL/openssl.framework",
				"${BUILT_PRODUCTS_DIR}/GTMSessionFetcher/GTMSessionFetcher.framework",
				"${BUILT_PRODUCTS_DIR}/GoogleToolboxForMac/GoogleToolboxForMac.framework",
				"${BUILT_PRODUCTS_DIR}/MBCircularProgressBar/MBCircularProgressBar.framework",
				"${BUILT_PRODUCTS_DIR}/Protobuf/Protobuf.framework",
				"${BUILT_PRODUCTS_DIR}/gRPC/GRPCClient.framework",
				"${BUILT_PRODUCTS_DIR}/gRPC-Core/grpc.framework",
				"${BUILT_PRODUCTS_DIR}/gRPC-ProtoRPC/ProtoRPC.framework",
				"${BUILT_PRODUCTS_DIR}/gRPC-RxLibrary/RxLibrary.framework",
				"${BUILT_PRODUCTS_DIR}/leveldb-library/leveldb.framework",
				"${BUILT_PRODUCTS_DIR}/nanopb/nanopb.framework",
			);
			name = "[CP] Embed Pods Frameworks";
			outputPaths = (
				"${TARGET_BUILD_DIR}/${FRAMEWORKS_FOLDER_PATH}/Alamofire.framework",
				"${TARGET_BUILD_DIR}/${FRAMEWORKS_FOLDER_PATH}/openssl.framework",
				"${TARGET_BUILD_DIR}/${FRAMEWORKS_FOLDER_PATH}/GTMSessionFetcher.framework",
				"${TARGET_BUILD_DIR}/${FRAMEWORKS_FOLDER_PATH}/GoogleToolboxForMac.framework",
				"${TARGET_BUILD_DIR}/${FRAMEWORKS_FOLDER_PATH}/MBCircularProgressBar.framework",
				"${TARGET_BUILD_DIR}/${FRAMEWORKS_FOLDER_PATH}/Protobuf.framework",
				"${TARGET_BUILD_DIR}/${FRAMEWORKS_FOLDER_PATH}/GRPCClient.framework",
				"${TARGET_BUILD_DIR}/${FRAMEWORKS_FOLDER_PATH}/grpc.framework",
				"${TARGET_BUILD_DIR}/${FRAMEWORKS_FOLDER_PATH}/ProtoRPC.framework",
				"${TARGET_BUILD_DIR}/${FRAMEWORKS_FOLDER_PATH}/RxLibrary.framework",
				"${TARGET_BUILD_DIR}/${FRAMEWORKS_FOLDER_PATH}/leveldb.framework",
				"${TARGET_BUILD_DIR}/${FRAMEWORKS_FOLDER_PATH}/nanopb.framework",
			);
			runOnlyForDeploymentPostprocessing = 0;
			shellPath = /bin/sh;
			shellScript = "\"${SRCROOT}/Pods/Target Support Files/Pods-ARMuseumGuide/Pods-ARMuseumGuide-frameworks.sh\"\n";
			showEnvVarsInLog = 0;
		};
		642F6C130C21C4219FC065D7 /* [CP] Check Pods Manifest.lock */ = {
			isa = PBXShellScriptBuildPhase;
			buildActionMask = 2147483647;
			files = (
			);
			inputPaths = (
				"${PODS_PODFILE_DIR_PATH}/Podfile.lock",
				"${PODS_ROOT}/Manifest.lock",
			);
			name = "[CP] Check Pods Manifest.lock";
			outputPaths = (
				"$(DERIVED_FILE_DIR)/Pods-ARMuseumGuide-checkManifestLockResult.txt",
			);
			runOnlyForDeploymentPostprocessing = 0;
			shellPath = /bin/sh;
			shellScript = "diff \"${PODS_PODFILE_DIR_PATH}/Podfile.lock\" \"${PODS_ROOT}/Manifest.lock\" > /dev/null\nif [ $? != 0 ] ; then\n    # print error to STDERR\n    echo \"error: The sandbox is not in sync with the Podfile.lock. Run 'pod install' or update your CocoaPods installation.\" >&2\n    exit 1\nfi\n# This output is used by Xcode 'outputs' to avoid re-running this script phase.\necho \"SUCCESS\" > \"${SCRIPT_OUTPUT_FILE_0}\"\n";
			showEnvVarsInLog = 0;
		};
/* End PBXShellScriptBuildPhase section */

/* Begin PBXSourcesBuildPhase section */
		F35C53C92189D95C00418AE1 /* Sources */ = {
			isa = PBXSourcesBuildPhase;
			buildActionMask = 2147483647;
			files = (
				F35C53D32189D95C00418AE1 /* ViewController.swift in Sources */,
				F360172C21A2D44600962B81 /* MenuViewController.swift in Sources */,
				F35C53D12189D95C00418AE1 /* AppDelegate.swift in Sources */,
				F3C4FEE721B1431000507E9A /* Art.swift in Sources */,
				F3C4FEE921B1766D00507E9A /* Paintings.swift in Sources */,
			);
			runOnlyForDeploymentPostprocessing = 0;
		};
/* End PBXSourcesBuildPhase section */

/* Begin PBXVariantGroup section */
		F35C53D42189D95C00418AE1 /* Main.storyboard */ = {
			isa = PBXVariantGroup;
			children = (
				F35C53D52189D95C00418AE1 /* Base */,
			);
			name = Main.storyboard;
			sourceTree = "<group>";
		};
		F35C53D92189D95D00418AE1 /* LaunchScreen.storyboard */ = {
			isa = PBXVariantGroup;
			children = (
				F35C53DA2189D95D00418AE1 /* Base */,
			);
			name = LaunchScreen.storyboard;
			sourceTree = "<group>";
		};
/* End PBXVariantGroup section */

/* Begin XCBuildConfiguration section */
		F35C53DD2189D95D00418AE1 /* Debug */ = {
			isa = XCBuildConfiguration;
			buildSettings = {
				ALWAYS_SEARCH_USER_PATHS = NO;
				CLANG_ANALYZER_NONNULL = YES;
				CLANG_ANALYZER_NUMBER_OBJECT_CONVERSION = YES_AGGRESSIVE;
				CLANG_CXX_LANGUAGE_STANDARD = "gnu++14";
				CLANG_CXX_LIBRARY = "libc++";
				CLANG_ENABLE_MODULES = YES;
				CLANG_ENABLE_OBJC_ARC = YES;
				CLANG_ENABLE_OBJC_WEAK = YES;
				CLANG_WARN_BLOCK_CAPTURE_AUTORELEASING = YES;
				CLANG_WARN_BOOL_CONVERSION = YES;
				CLANG_WARN_COMMA = YES;
				CLANG_WARN_CONSTANT_CONVERSION = YES;
				CLANG_WARN_DEPRECATED_OBJC_IMPLEMENTATIONS = YES;
				CLANG_WARN_DIRECT_OBJC_ISA_USAGE = YES_ERROR;
				CLANG_WARN_DOCUMENTATION_COMMENTS = YES;
				CLANG_WARN_EMPTY_BODY = YES;
				CLANG_WARN_ENUM_CONVERSION = YES;
				CLANG_WARN_INFINITE_RECURSION = YES;
				CLANG_WARN_INT_CONVERSION = YES;
				CLANG_WARN_NON_LITERAL_NULL_CONVERSION = YES;
				CLANG_WARN_OBJC_IMPLICIT_RETAIN_SELF = YES;
				CLANG_WARN_OBJC_LITERAL_CONVERSION = YES;
				CLANG_WARN_OBJC_ROOT_CLASS = YES_ERROR;
				CLANG_WARN_RANGE_LOOP_ANALYSIS = YES;
				CLANG_WARN_STRICT_PROTOTYPES = YES;
				CLANG_WARN_SUSPICIOUS_MOVE = YES;
				CLANG_WARN_UNGUARDED_AVAILABILITY = YES_AGGRESSIVE;
				CLANG_WARN_UNREACHABLE_CODE = YES;
				CLANG_WARN__DUPLICATE_METHOD_MATCH = YES;
				CODE_SIGN_IDENTITY = "iPhone Developer";
				COPY_PHASE_STRIP = NO;
				DEBUG_INFORMATION_FORMAT = dwarf;
				ENABLE_STRICT_OBJC_MSGSEND = YES;
				ENABLE_TESTABILITY = YES;
				GCC_C_LANGUAGE_STANDARD = gnu11;
				GCC_DYNAMIC_NO_PIC = NO;
				GCC_NO_COMMON_BLOCKS = YES;
				GCC_OPTIMIZATION_LEVEL = 0;
				GCC_PREPROCESSOR_DEFINITIONS = (
					"DEBUG=1",
					"$(inherited)",
				);
				GCC_WARN_64_TO_32_BIT_CONVERSION = YES;
				GCC_WARN_ABOUT_RETURN_TYPE = YES_ERROR;
				GCC_WARN_UNDECLARED_SELECTOR = YES;
				GCC_WARN_UNINITIALIZED_AUTOS = YES_AGGRESSIVE;
				GCC_WARN_UNUSED_FUNCTION = YES;
				GCC_WARN_UNUSED_VARIABLE = YES;
				IPHONEOS_DEPLOYMENT_TARGET = 12.0;
				MTL_ENABLE_DEBUG_INFO = INCLUDE_SOURCE;
				MTL_FAST_MATH = YES;
				ONLY_ACTIVE_ARCH = YES;
				SDKROOT = iphoneos;
				SWIFT_ACTIVE_COMPILATION_CONDITIONS = DEBUG;
				SWIFT_OPTIMIZATION_LEVEL = "-Onone";
			};
			name = Debug;
		};
		F35C53DE2189D95D00418AE1 /* Release */ = {
			isa = XCBuildConfiguration;
			buildSettings = {
				ALWAYS_SEARCH_USER_PATHS = NO;
				CLANG_ANALYZER_NONNULL = YES;
				CLANG_ANALYZER_NUMBER_OBJECT_CONVERSION = YES_AGGRESSIVE;
				CLANG_CXX_LANGUAGE_STANDARD = "gnu++14";
				CLANG_CXX_LIBRARY = "libc++";
				CLANG_ENABLE_MODULES = YES;
				CLANG_ENABLE_OBJC_ARC = YES;
				CLANG_ENABLE_OBJC_WEAK = YES;
				CLANG_WARN_BLOCK_CAPTURE_AUTORELEASING = YES;
				CLANG_WARN_BOOL_CONVERSION = YES;
				CLANG_WARN_COMMA = YES;
				CLANG_WARN_CONSTANT_CONVERSION = YES;
				CLANG_WARN_DEPRECATED_OBJC_IMPLEMENTATIONS = YES;
				CLANG_WARN_DIRECT_OBJC_ISA_USAGE = YES_ERROR;
				CLANG_WARN_DOCUMENTATION_COMMENTS = YES;
				CLANG_WARN_EMPTY_BODY = YES;
				CLANG_WARN_ENUM_CONVERSION = YES;
				CLANG_WARN_INFINITE_RECURSION = YES;
				CLANG_WARN_INT_CONVERSION = YES;
				CLANG_WARN_NON_LITERAL_NULL_CONVERSION = YES;
				CLANG_WARN_OBJC_IMPLICIT_RETAIN_SELF = YES;
				CLANG_WARN_OBJC_LITERAL_CONVERSION = YES;
				CLANG_WARN_OBJC_ROOT_CLASS = YES_ERROR;
				CLANG_WARN_RANGE_LOOP_ANALYSIS = YES;
				CLANG_WARN_STRICT_PROTOTYPES = YES;
				CLANG_WARN_SUSPICIOUS_MOVE = YES;
				CLANG_WARN_UNGUARDED_AVAILABILITY = YES_AGGRESSIVE;
				CLANG_WARN_UNREACHABLE_CODE = YES;
				CLANG_WARN__DUPLICATE_METHOD_MATCH = YES;
				CODE_SIGN_IDENTITY = "iPhone Developer";
				COPY_PHASE_STRIP = NO;
				DEBUG_INFORMATION_FORMAT = "dwarf-with-dsym";
				ENABLE_NS_ASSERTIONS = NO;
				ENABLE_STRICT_OBJC_MSGSEND = YES;
				GCC_C_LANGUAGE_STANDARD = gnu11;
				GCC_NO_COMMON_BLOCKS = YES;
				GCC_WARN_64_TO_32_BIT_CONVERSION = YES;
				GCC_WARN_ABOUT_RETURN_TYPE = YES_ERROR;
				GCC_WARN_UNDECLARED_SELECTOR = YES;
				GCC_WARN_UNINITIALIZED_AUTOS = YES_AGGRESSIVE;
				GCC_WARN_UNUSED_FUNCTION = YES;
				GCC_WARN_UNUSED_VARIABLE = YES;
				IPHONEOS_DEPLOYMENT_TARGET = 12.0;
				MTL_ENABLE_DEBUG_INFO = NO;
				MTL_FAST_MATH = YES;
				SDKROOT = iphoneos;
				SWIFT_COMPILATION_MODE = wholemodule;
				SWIFT_OPTIMIZATION_LEVEL = "-O";
				VALIDATE_PRODUCT = YES;
			};
			name = Release;
		};
		F35C53E02189D95D00418AE1 /* Debug */ = {
			isa = XCBuildConfiguration;
			baseConfigurationReference = 53D8167090596FC6BEDB61F2 /* Pods-ARMuseumGuide.debug.xcconfig */;
			buildSettings = {
				ASSETCATALOG_COMPILER_APPICON_NAME = AppIcon;
				CODE_SIGN_STYLE = Automatic;
				DEVELOPMENT_TEAM = G7JKA6624L;
				INFOPLIST_FILE = ARMuseumGuide/Info.plist;
				LD_RUNPATH_SEARCH_PATHS = "$(inherited) @executable_path/Frameworks";
				PRODUCT_BUNDLE_IDENTIFIER = se.27differentsounds.ARMuseumGuide;
				PRODUCT_NAME = "$(TARGET_NAME)";
				SWIFT_VERSION = 4.2;
				TARGETED_DEVICE_FAMILY = "1,2";
			};
			name = Debug;
		};
		F35C53E12189D95D00418AE1 /* Release */ = {
			isa = XCBuildConfiguration;
			baseConfigurationReference = AD37EB98E164A4F1EBA2C43D /* Pods-ARMuseumGuide.release.xcconfig */;
			buildSettings = {
				ASSETCATALOG_COMPILER_APPICON_NAME = AppIcon;
				CODE_SIGN_STYLE = Automatic;
				DEVELOPMENT_TEAM = G7JKA6624L;
				INFOPLIST_FILE = ARMuseumGuide/Info.plist;
				LD_RUNPATH_SEARCH_PATHS = "$(inherited) @executable_path/Frameworks";
				PRODUCT_BUNDLE_IDENTIFIER = se.27differentsounds.ARMuseumGuide;
				PRODUCT_NAME = "$(TARGET_NAME)";
				SWIFT_VERSION = 4.2;
				TARGETED_DEVICE_FAMILY = "1,2";
			};
			name = Release;
		};
/* End XCBuildConfiguration section */

/* Begin XCConfigurationList section */
		F35C53C82189D95C00418AE1 /* Build configuration list for PBXProject "ARMuseumGuide" */ = {
			isa = XCConfigurationList;
			buildConfigurations = (
				F35C53DD2189D95D00418AE1 /* Debug */,
				F35C53DE2189D95D00418AE1 /* Release */,
			);
			defaultConfigurationIsVisible = 0;
			defaultConfigurationName = Release;
		};
		F35C53DF2189D95D00418AE1 /* Build configuration list for PBXNativeTarget "ARMuseumGuide" */ = {
			isa = XCConfigurationList;
			buildConfigurations = (
				F35C53E02189D95D00418AE1 /* Debug */,
				F35C53E12189D95D00418AE1 /* Release */,
			);
			defaultConfigurationIsVisible = 0;
			defaultConfigurationName = Release;
		};
/* End XCConfigurationList section */
	};
	rootObject = F35C53C52189D95C00418AE1 /* Project object */;
}
